
Microsoft Visual Studio Solution File, Format Version 12.00
# Visual Studio Version 18
VisualStudioVersion = 18.2.11415.280 d18.0
MinimumVisualStudioVersion = 10.0.40219.1
Project("{FAE04EC0-301F-11D3-BF4B-00C04F79EFBC}") = "AlloyCMS12VB", "AlloyCMS12VB.csproj", "{A8E42739-C92D-F4CB-09D0-2130E8B359F2}"
EndProject
Global
	GlobalSection(SolutionConfigurationPlatforms) = preSolution
		Debug|Any CPU = Debug|Any CPU
		Release|Any CPU = Release|Any CPU
	EndGlobalSection
	GlobalSection(ProjectConfigurationPlatforms) = postSolution
		{A8E42739-C92D-F4CB-09D0-2130E8B359F2}.Debug|Any CPU.ActiveCfg = Debug|Any CPU
		{A8E42739-C92D-F4CB-09D0-2130E8B359F2}.Debug|Any CPU.Build.0 = Debug|Any CPU
		{A8E42739-C92D-F4CB-09D0-2130E8B359F2}.Release|Any CPU.ActiveCfg = Release|Any CPU
		{A8E42739-C92D-F4CB-09D0-2130E8B359F2}.Release|Any CPU.Build.0 = Release|Any CPU
	EndGlobalSection
	GlobalSection(SolutionProperties) = preSolution
		HideSolutionNode = FALSE
	EndGlobalSection
	GlobalSection(ExtensibilityGlobals) = postSolution
		SolutionGuid = {24E095F8-5BF2-4376-87A0-59B6F8C824CE}
	EndGlobalSection
EndGlobal
